
Microsoft Visual Studio Solution File, Format Version 12.00
# Visual Studio Version 16
VisualStudioVersion = 16.0.30711.63
MinimumVisualStudioVersion = 10.0.40219.1
Project("{FAE04EC0-301F-11D3-BF4B-00C04F79EFBC}") = "Software_Design_Soda_Maker", "Software_Design_Soda_Maker\Software_Design_Soda_Maker.csproj", "{6327A0CA-4374-4CB8-8C79-BC60565C8953}"
EndProject
Global
	GlobalSection(SolutionConfigurationPlatforms) = preSolution
		Debug|Any CPU = Debug|Any CPU
		Release|Any CPU = Release|Any CPU
	EndGlobalSection
	GlobalSection(ProjectConfigurationPlatforms) = postSolution
		{6327A0CA-4374-4CB8-8C79-BC60565C8953}.Debug|Any CPU.ActiveCfg = Debug|Any CPU
		{6327A0CA-4374-4CB8-8C79-BC60565C8953}.Debug|Any CPU.Build.0 = Debug|Any CPU
		{6327A0CA-4374-4CB8-8C79-BC60565C8953}.Release|Any CPU.ActiveCfg = Release|Any CPU
		{6327A0CA-4374-4CB8-8C79-BC60565C8953}.Release|Any CPU.Build.0 = Release|Any CPU
	EndGlobalSection
	GlobalSection(SolutionProperties) = preSolution
		HideSolutionNode = FALSE
	EndGlobalSection
	GlobalSection(ExtensibilityGlobals) = postSolution
		SolutionGuid = {166D26E5-46CC-46B7-AEFA-40ED7D73BDF9}
	EndGlobalSection
EndGlobal
